
Microsoft Visual Studio Solution File, Format Version 12.00
# Visual Studio Version 17
VisualStudioVersion = 17.1.32421.90
MinimumVisualStudioVersion = 10.0.40219.1
Project("{9A19103F-16F7-4668-BE54-9A1E7A4F7556}") = "Tests", "Tests\Tests.csproj", "{8ACC10AF-72E6-408D-8E42-66F3B9E92CF6}"
EndProject
Project("{9A19103F-16F7-4668-BE54-9A1E7A4F7556}") = "Code", "Code\Code.csproj", "{CDCCE84A-0E73-4151-A8CE-819D81C3C852}"
EndProject
Global
	GlobalSection(SolutionConfigurationPlatforms) = preSolution
		Debug|Any CPU = Debug|Any CPU
		Release|Any CPU = Release|Any CPU
	EndGlobalSection
	GlobalSection(ProjectConfigurationPlatforms) = postSolution
		{8ACC10AF-72E6-408D-8E42-66F3B9E92CF6}.Debug|Any CPU.ActiveCfg = Debug|Any CPU
		{8ACC10AF-72E6-408D-8E42-66F3B9E92CF6}.Debug|Any CPU.Build.0 = Debug|Any CPU
		{8ACC10AF-72E6-408D-8E42-66F3B9E92CF6}.Release|Any CPU.ActiveCfg = Release|Any CPU
		{8ACC10AF-72E6-408D-8E42-66F3B9E92CF6}.Release|Any CPU.Build.0 = Release|Any CPU
		{CDCCE84A-0E73-4151-A8CE-819D81C3C852}.Debug|Any CPU.ActiveCfg = Debug|Any CPU
		{CDCCE84A-0E73-4151-A8CE-819D81C3C852}.Debug|Any CPU.Build.0 = Debug|Any CPU
		{CDCCE84A-0E73-4151-A8CE-819D81C3C852}.Release|Any CPU.ActiveCfg = Release|Any CPU
		{CDCCE84A-0E73-4151-A8CE-819D81C3C852}.Release|Any CPU.Build.0 = Release|Any CPU
	EndGlobalSection
	GlobalSection(SolutionProperties) = preSolution
		HideSolutionNode = FALSE
	EndGlobalSection
	GlobalSection(ExtensibilityGlobals) = postSolution
		SolutionGuid = {ABAE690D-88D6-4D83-9823-FEAFBDD762A7}
	EndGlobalSection
EndGlobal
